
Microsoft Visual Studio Solution File, Format Version 12.00
# Visual Studio Version 16
VisualStudioVersion = 16.0.30114.105
MinimumVisualStudioVersion = 10.0.40219.1
Project("{FAE04EC0-301F-11D3-BF4B-00C04F79EFBC}") = "IntroToApi.ConsoleApp", "IntroToApi.ConsoleApp\IntroToApi.ConsoleApp.csproj", "{443833BE-CBE0-442B-AB4B-8B4348D5F4DD}"
EndProject
Global
	GlobalSection(SolutionConfigurationPlatforms) = preSolution
		Debug|Any CPU = Debug|Any CPU
		Release|Any CPU = Release|Any CPU
	EndGlobalSection
	GlobalSection(SolutionProperties) = preSolution
		HideSolutionNode = FALSE
	EndGlobalSection
	GlobalSection(ProjectConfigurationPlatforms) = postSolution
		{443833BE-CBE0-442B-AB4B-8B4348D5F4DD}.Debug|Any CPU.ActiveCfg = Debug|Any CPU
		{443833BE-CBE0-442B-AB4B-8B4348D5F4DD}.Debug|Any CPU.Build.0 = Debug|Any CPU
		{443833BE-CBE0-442B-AB4B-8B4348D5F4DD}.Release|Any CPU.ActiveCfg = Release|Any CPU
		{443833BE-CBE0-442B-AB4B-8B4348D5F4DD}.Release|Any CPU.Build.0 = Release|Any CPU
	EndGlobalSection
EndGlobal
